
Microsoft Visual Studio Solution File, Format Version 12.00
# Visual Studio Version 16
VisualStudioVersion = 16.0.31624.102
MinimumVisualStudioVersion = 10.0.40219.1
Project("{9A19103F-16F7-4668-BE54-9A1E7A4F7556}") = "NLA.ODATA.EF.API", "src\NLA.ODATA.EF.API\NLA.ODATA.EF.API.csproj", "{02CA054A-2A59-460D-9A96-D774DC603A5E}"
EndProject
Global
	GlobalSection(SolutionConfigurationPlatforms) = preSolution
		Debug|Any CPU = Debug|Any CPU
		Release|Any CPU = Release|Any CPU
	EndGlobalSection
	GlobalSection(ProjectConfigurationPlatforms) = postSolution
		{02CA054A-2A59-460D-9A96-D774DC603A5E}.Debug|Any CPU.ActiveCfg = Debug|Any CPU
		{02CA054A-2A59-460D-9A96-D774DC603A5E}.Debug|Any CPU.Build.0 = Debug|Any CPU
		{02CA054A-2A59-460D-9A96-D774DC603A5E}.Release|Any CPU.ActiveCfg = Release|Any CPU
		{02CA054A-2A59-460D-9A96-D774DC603A5E}.Release|Any CPU.Build.0 = Release|Any CPU
	EndGlobalSection
	GlobalSection(SolutionProperties) = preSolution
		HideSolutionNode = FALSE
	EndGlobalSection
	GlobalSection(ExtensibilityGlobals) = postSolution
		SolutionGuid = {98DDBF98-8D36-46F9-A5C8-9BFA149CAB00}
	EndGlobalSection
EndGlobal
